
Microsoft Visual Studio Solution File, Format Version 12.00
# Visual Studio Version 16
VisualStudioVersion = 16.0.32228.343
MinimumVisualStudioVersion = 10.0.40219.1
Project("{FAE04EC0-301F-11D3-BF4B-00C04F79EFBC}") = "CalculadorDeIMC", "CalculadorDeIMC\CalculadorDeIMC.csproj", "{F2502AEB-0586-4889-927E-6367B7C65C45}"
EndProject
Global
	GlobalSection(SolutionConfigurationPlatforms) = preSolution
		Debug|Any CPU = Debug|Any CPU
		Release|Any CPU = Release|Any CPU
	EndGlobalSection
	GlobalSection(ProjectConfigurationPlatforms) = postSolution
		{F2502AEB-0586-4889-927E-6367B7C65C45}.Debug|Any CPU.ActiveCfg = Debug|Any CPU
		{F2502AEB-0586-4889-927E-6367B7C65C45}.Debug|Any CPU.Build.0 = Debug|Any CPU
		{F2502AEB-0586-4889-927E-6367B7C65C45}.Release|Any CPU.ActiveCfg = Release|Any CPU
		{F2502AEB-0586-4889-927E-6367B7C65C45}.Release|Any CPU.Build.0 = Release|Any CPU
	EndGlobalSection
	GlobalSection(SolutionProperties) = preSolution
		HideSolutionNode = FALSE
	EndGlobalSection
	GlobalSection(ExtensibilityGlobals) = postSolution
		SolutionGuid = {F3FA0B29-1CE0-4572-8C4D-6488BAB4D2D5}
	EndGlobalSection
EndGlobal
